// !$*UTF8*$!
{
	archiveVersion = 1;
	classes = {
	};
	objectVersion = 51;
	objects = {

/* Begin PBXBuildFile section */
		0113E4928C3B96AA37E24A9A /* Pods_Messager_MessagerUITests.framework in Frameworks */ = {isa = PBXBuildFile; fileRef = A3D6198C424F6A83FE143FAB /* Pods_Messager_MessagerUITests.framework */; };
		2CF3794D5F3E5EB4973930F6 /* Pods_Messager.framework in Frameworks */ = {isa = PBXBuildFile; fileRef = BC7CD7FFE5534F21402F83EC /* Pods_Messager.framework */; };
		721822EF70C2CE41F9874CD9 /* Pods_MessagerTests.framework in Frameworks */ = {isa = PBXBuildFile; fileRef = 15331159C2A6F1CA53F54F45 /* Pods_MessagerTests.framework */; };
		8214C9FA253416D700909AEE /* JoinedCell.swift in Sources */ = {isa = PBXBuildFile; fileRef = 8214C9F6253416D700909AEE /* JoinedCell.swift */; };
		8214C9FB253416D700909AEE /* CreatedCell.swift in Sources */ = {isa = PBXBuildFile; fileRef = 8214C9F7253416D700909AEE /* CreatedCell.swift */; };
		8214C9FC253416D700909AEE /* UIViewHelper.swift in Sources */ = {isa = PBXBuildFile; fileRef = 8214C9F8253416D700909AEE /* UIViewHelper.swift */; };
		8214C9FD253416D700909AEE /* MeViewController.swift in Sources */ = {isa = PBXBuildFile; fileRef = 8214C9F9253416D700909AEE /* MeViewController.swift */; };
		8223DCF4254186FF00675647 /* ActivityDetailController.swift in Sources */ = {isa = PBXBuildFile; fileRef = 8223DCF3254186FF00675647 /* ActivityDetailController.swift */; };
		825C382C254672C000F8F836 /* EditActivityController.swift in Sources */ = {isa = PBXBuildFile; fileRef = 825C382B254672C000F8F836 /* EditActivityController.swift */; };
		93923A562556A968002AE77C /* ParticipantCell.swift in Sources */ = {isa = PBXBuildFile; fileRef = 93923A552556A967002AE77C /* ParticipantCell.swift */; };
		9B201B31253EE10E00A30EFE /* ScaleAnimationButton.swift in Sources */ = {isa = PBXBuildFile; fileRef = 9B201B30253EE10E00A30EFE /* ScaleAnimationButton.swift */; };
		9B201B3B253EE8A400A30EFE /* DOFavoriteButtonNew.swift in Sources */ = {isa = PBXBuildFile; fileRef = 9B201B3A253EE8A400A30EFE /* DOFavoriteButtonNew.swift */; };
		9B28DDE225414E8D00A56C3D /* IncomingMessage.swift in Sources */ = {isa = PBXBuildFile; fileRef = 9B28DDE125414E8D00A56C3D /* IncomingMessage.swift */; };
		9B28DDE425414EBD00A56C3D /* MKMessage.swift in Sources */ = {isa = PBXBuildFile; fileRef = 9B28DDE325414EBD00A56C3D /* MKMessage.swift */; };
		9B28DDE625414EC700A56C3D /* NotificationsViewController.swift in Sources */ = {isa = PBXBuildFile; fileRef = 9B28DDE525414EC700A56C3D /* NotificationsViewController.swift */; };
		9B28DDEA25414ECE00A56C3D /* RealmManager.swift in Sources */ = {isa = PBXBuildFile; fileRef = 9B28DDE825414ECE00A56C3D /* RealmManager.swift */; };
		9B28DDEB25414ECE00A56C3D /* LocalMessage.swift in Sources */ = {isa = PBXBuildFile; fileRef = 9B28DDE925414ECE00A56C3D /* LocalMessage.swift */; };
		9B28DDED25414EFA00A56C3D /* MessgaeKitDefaults.swift in Sources */ = {isa = PBXBuildFile; fileRef = 9B28DDEC25414EFA00A56C3D /* MessgaeKitDefaults.swift */; };
		9B28DDEF25414F1D00A56C3D /* ChatViewController.swift in Sources */ = {isa = PBXBuildFile; fileRef = 9B28DDEE25414F1D00A56C3D /* ChatViewController.swift */; };
		9B7A78B5254D82340084A349 /* LikeBtn.swift in Sources */ = {isa = PBXBuildFile; fileRef = 9B7A78B4254D82340084A349 /* LikeBtn.swift */; };
		A503279D2531A05000CEE6E7 /* RecentChat.swift in Sources */ = {isa = PBXBuildFile; fileRef = A503279C2531A04F00CEE6E7 /* RecentChat.swift */; };
		A50327A52531FA5300CEE6E7 /* RecentTableViewCell.swift in Sources */ = {isa = PBXBuildFile; fileRef = A50327A42531FA5300CEE6E7 /* RecentTableViewCell.swift */; };
		A50327AA253202C000CEE6E7 /* GlobalFunctions.swift in Sources */ = {isa = PBXBuildFile; fileRef = A50327A9253202C000CEE6E7 /* GlobalFunctions.swift */; };
		A50327AF2532E15700CEE6E7 /* Extensions.swift in Sources */ = {isa = PBXBuildFile; fileRef = A50327AE2532E15700CEE6E7 /* Extensions.swift */; };
		A50327B42532E2AE00CEE6E7 /* StartChat.swift in Sources */ = {isa = PBXBuildFile; fileRef = A50327B32532E2AE00CEE6E7 /* StartChat.swift */; };
		A50624982533014B00A7FE9F /* ChatsTableViewController.swift in Sources */ = {isa = PBXBuildFile; fileRef = A50624972533014B00A7FE9F /* ChatsTableViewController.swift */; };
		A517F8BD2514E89F00621A26 /* AppDelegate.swift in Sources */ = {isa = PBXBuildFile; fileRef = A517F8BC2514E89F00621A26 /* AppDelegate.swift */; };
		A517F8BF2514E89F00621A26 /* SceneDelegate.swift in Sources */ = {isa = PBXBuildFile; fileRef = A517F8BE2514E89F00621A26 /* SceneDelegate.swift */; };
		A517F8C12514E89F00621A26 /* LoginViewController.swift in Sources */ = {isa = PBXBuildFile; fileRef = A517F8C02514E89F00621A26 /* LoginViewController.swift */; };
		A517F8C62514E89F00621A26 /* Assets.xcassets in Resources */ = {isa = PBXBuildFile; fileRef = A517F8C52514E89F00621A26 /* Assets.xcassets */; };
		A517F8C92514E89F00621A26 /* LaunchScreen.storyboard in Resources */ = {isa = PBXBuildFile; fileRef = A517F8C72514E89F00621A26 /* LaunchScreen.storyboard */; };
		A517F8D42514E8A000621A26 /* MessagerTests.swift in Sources */ = {isa = PBXBuildFile; fileRef = A517F8D32514E8A000621A26 /* MessagerTests.swift */; };
		A517F8DF2514E8A000621A26 /* MessagerUITests.swift in Sources */ = {isa = PBXBuildFile; fileRef = A517F8DE2514E8A000621A26 /* MessagerUITests.swift */; };
		A527DEBE251734A30097D419 /* GoogleService-Info.plist in Resources */ = {isa = PBXBuildFile; fileRef = A527DEBD251734A30097D419 /* GoogleService-Info.plist */; };
		A5790B26251B90BC009E1347 /* User.swift in Sources */ = {isa = PBXBuildFile; fileRef = A5790B25251B90BC009E1347 /* User.swift */; };
		A5790B2B252077E1009E1347 /* Constants.swift in Sources */ = {isa = PBXBuildFile; fileRef = A5790B2A252077E1009E1347 /* Constants.swift */; };
		A59E1825254E85D200FC5C61 /* AudioMessage.swift in Sources */ = {isa = PBXBuildFile; fileRef = A59E1824254E85D200FC5C61 /* AudioMessage.swift */; };
		A59E182D254E8A0500FC5C61 /* BasicAudioController.swift in Sources */ = {isa = PBXBuildFile; fileRef = A59E182C254E8A0500FC5C61 /* BasicAudioController.swift */; };
		A5C154AF2541317900A504D6 /* FCollectionReferences.swift in Sources */ = {isa = PBXBuildFile; fileRef = A5C154AB2541317900A504D6 /* FCollectionReferences.swift */; };
		A5C154B02541317900A504D6 /* FirebaseMessageListener.swift in Sources */ = {isa = PBXBuildFile; fileRef = A5C154AC2541317900A504D6 /* FirebaseMessageListener.swift */; };
		A5C154B12541317900A504D6 /* FirebaseRecentListener.swift in Sources */ = {isa = PBXBuildFile; fileRef = A5C154AD2541317900A504D6 /* FirebaseRecentListener.swift */; };
		A5C154B22541317900A504D6 /* FirebaseUserListener.swift in Sources */ = {isa = PBXBuildFile; fileRef = A5C154AE2541317900A504D6 /* FirebaseUserListener.swift */; };
		A5C154B7254131CD00A504D6 /* PatientInfoCustomLabel.swift in Sources */ = {isa = PBXBuildFile; fileRef = A5C154B6254131CD00A504D6 /* PatientInfoCustomLabel.swift */; };
		A5C155662541356E00A504D6 /* OutgoingMessage.swift in Sources */ = {isa = PBXBuildFile; fileRef = A5C155652541356E00A504D6 /* OutgoingMessage.swift */; };
		A5C155AE2541380400A504D6 /* OtherUserViewController.swift in Sources */ = {isa = PBXBuildFile; fileRef = A5C155AD2541380400A504D6 /* OtherUserViewController.swift */; };
		A5C155B32541381400A504D6 /* ActivityData.swift in Sources */ = {isa = PBXBuildFile; fileRef = A5C155B22541381400A504D6 /* ActivityData.swift */; };
		A5C155BD2541382400A504D6 /* MessageCellDelegate.swift in Sources */ = {isa = PBXBuildFile; fileRef = A5C155B82541382400A504D6 /* MessageCellDelegate.swift */; };
		A5C155BE2541382400A504D6 /* InputBarAccessory.swift in Sources */ = {isa = PBXBuildFile; fileRef = A5C155B92541382400A504D6 /* InputBarAccessory.swift */; };
		A5C155BF2541382400A504D6 /* MessageDisplayDelegate.swift in Sources */ = {isa = PBXBuildFile; fileRef = A5C155BA2541382400A504D6 /* MessageDisplayDelegate.swift */; };
		A5C155C02541382400A504D6 /* MessageLayoutDelegate.swift in Sources */ = {isa = PBXBuildFile; fileRef = A5C155BB2541382400A504D6 /* MessageLayoutDelegate.swift */; };
		A5C155C12541382400A504D6 /* MessageDataSource.swift in Sources */ = {isa = PBXBuildFile; fileRef = A5C155BC2541382400A504D6 /* MessageDataSource.swift */; };
		A5DAAEEC254BE5D300F15718 /* AudioRecorder.swift in Sources */ = {isa = PBXBuildFile; fileRef = A5DAAEEB254BE5D300F15718 /* AudioRecorder.swift */; };
		A5DAAEF1254BFCAA00F15718 /* FileStorage.swift in Sources */ = {isa = PBXBuildFile; fileRef = A5DAAEF0254BFCAA00F15718 /* FileStorage.swift */; };
		A5DAAEF6254D0CC200F15718 /* Channel.swift in Sources */ = {isa = PBXBuildFile; fileRef = A5DAAEF5254D0CC200F15718 /* Channel.swift */; };
		A5DFB0DA2529F8E200471C1A /* SettingTableViewController.swift in Sources */ = {isa = PBXBuildFile; fileRef = A5DFB0D92529F8E200471C1A /* SettingTableViewController.swift */; };
		A5DFB0E4252ABF6D00471C1A /* UsersTableViewController.swift in Sources */ = {isa = PBXBuildFile; fileRef = A5DFB0E3252ABF6D00471C1A /* UsersTableViewController.swift */; };
		BB052F0E254FBF710046154B /* ActivityManager.swift in Sources */ = {isa = PBXBuildFile; fileRef = BB052F0D254FBF710046154B /* ActivityManager.swift */; };
		BB052F12254FE5160046154B /* LocalAuthViewController.swift in Sources */ = {isa = PBXBuildFile; fileRef = BB052F11254FE5160046154B /* LocalAuthViewController.swift */; };
		BB09701D253C29FC00A381A5 /* ActivityCatogory.swift in Sources */ = {isa = PBXBuildFile; fileRef = BB09701C253C29FC00A381A5 /* ActivityCatogory.swift */; };
		BB1C1D0D253408C400DCF2D5 /* FeedData.swift in Sources */ = {isa = PBXBuildFile; fileRef = BB1C1D0C253408C400DCF2D5 /* FeedData.swift */; };
		BB1C1D1225340C4800DCF2D5 /* FeedCell.swift in Sources */ = {isa = PBXBuildFile; fileRef = BB1C1D1125340C4700DCF2D5 /* FeedCell.swift */; };
		BB1C1E6525344D4100DCF2D5 /* UserTableViewCell.swift in Sources */ = {isa = PBXBuildFile; fileRef = BB1C1E6425344D4000DCF2D5 /* UserTableViewCell.swift */; };
		BB5175192534554C0078F78B /* Main.storyboard in Resources */ = {isa = PBXBuildFile; fileRef = BB5175182534554C0078F78B /* Main.storyboard */; };
		BB51764425347FFD0078F78B /* TabViewController.swift in Sources */ = {isa = PBXBuildFile; fileRef = BB51764325347FFD0078F78B /* TabViewController.swift */; };
		BB93CC7B254BBC3900C7F59A /* PostViewController.swift in Sources */ = {isa = PBXBuildFile; fileRef = BB93CC7A254BBC3900C7F59A /* PostViewController.swift */; };
		BB93CC80254BBC7300C7F59A /* PostLocationViewController.swift in Sources */ = {isa = PBXBuildFile; fileRef = BB93CC7F254BBC7300C7F59A /* PostLocationViewController.swift */; };
		BB93CC85254BBC7A00C7F59A /* PostDateViewController.swift in Sources */ = {isa = PBXBuildFile; fileRef = BB93CC84254BBC7A00C7F59A /* PostDateViewController.swift */; };
		BB93CC8A254BBD0C00C7F59A /* SuggestionsTableViewController.swift in Sources */ = {isa = PBXBuildFile; fileRef = BB93CC89254BBD0C00C7F59A /* SuggestionsTableViewController.swift */; };
		BBAFAEA32554526800013DBE /* EditTableViewController.swift in Sources */ = {isa = PBXBuildFile; fileRef = BBAFAEA22554526800013DBE /* EditTableViewController.swift */; };
		BBD17F362532FB9600C182D4 /* ActivityTabViewController.swift in Sources */ = {isa = PBXBuildFile; fileRef = BBD17F352532FB9600C182D4 /* ActivityTabViewController.swift */; };
		BBD17F3C2533080C00C182D4 /* ActivityTableViewController.swift in Sources */ = {isa = PBXBuildFile; fileRef = BBD17F3B2533080C00C182D4 /* ActivityTableViewController.swift */; };
		BBE474E4252CA343005AE820 /* FeedViewController.swift in Sources */ = {isa = PBXBuildFile; fileRef = BBE474E3252CA343005AE820 /* FeedViewController.swift */; };
		BBEE4336252DDF2400D3B305 /* Activity.swift in Sources */ = {isa = PBXBuildFile; fileRef = BBEE4335252DDF2400D3B305 /* Activity.swift */; };
		BBEE433E252DE06E00D3B305 /* ActivityApplication.swift in Sources */ = {isa = PBXBuildFile; fileRef = BBEE433D252DE06E00D3B305 /* ActivityApplication.swift */; };
		BBEE4367252DEAB900D3B305 /* DBSeeding.swift in Sources */ = {isa = PBXBuildFile; fileRef = BBEE4366252DEAB900D3B305 /* DBSeeding.swift */; };
		BBF749B225527E7200CC60AE /* ConfigTableViewController.swift in Sources */ = {isa = PBXBuildFile; fileRef = BBF749B125527E7200CC60AE /* ConfigTableViewController.swift */; };
		BBF8101025388755004C61B2 /* PostViewController2.swift in Sources */ = {isa = PBXBuildFile; fileRef = BBF8100F25388755004C61B2 /* PostViewController2.swift */; };
/* End PBXBuildFile section */

/* Begin PBXContainerItemProxy section */
		A517F8D02514E8A000621A26 /* PBXContainerItemProxy */ = {
			isa = PBXContainerItemProxy;
			containerPortal = A517F8B12514E89F00621A26 /* Project object */;
			proxyType = 1;
			remoteGlobalIDString = A517F8B82514E89F00621A26;
			remoteInfo = Messager;
		};
		A517F8DB2514E8A000621A26 /* PBXContainerItemProxy */ = {
			isa = PBXContainerItemProxy;
			containerPortal = A517F8B12514E89F00621A26 /* Project object */;
			proxyType = 1;
			remoteGlobalIDString = A517F8B82514E89F00621A26;
			remoteInfo = Messager;
		};
/* End PBXContainerItemProxy section */

/* Begin PBXFileReference section */
		15331159C2A6F1CA53F54F45 /* Pods_MessagerTests.framework */ = {isa = PBXFileReference; explicitFileType = wrapper.framework; includeInIndex = 0; path = Pods_MessagerTests.framework; sourceTree = BUILT_PRODUCTS_DIR; };
		8214C9F6253416D700909AEE /* JoinedCell.swift */ = {isa = PBXFileReference; fileEncoding = 4; lastKnownFileType = sourcecode.swift; path = JoinedCell.swift; sourceTree = "<group>"; };
		8214C9F7253416D700909AEE /* CreatedCell.swift */ = {isa = PBXFileReference; fileEncoding = 4; lastKnownFileType = sourcecode.swift; path = CreatedCell.swift; sourceTree = "<group>"; };
		8214C9F8253416D700909AEE /* UIViewHelper.swift */ = {isa = PBXFileReference; fileEncoding = 4; lastKnownFileType = sourcecode.swift; path = UIViewHelper.swift; sourceTree = "<group>"; };
		8214C9F9253416D700909AEE /* MeViewController.swift */ = {isa = PBXFileReference; fileEncoding = 4; lastKnownFileType = sourcecode.swift; path = MeViewController.swift; sourceTree = "<group>"; };
		8223DCF3254186FF00675647 /* ActivityDetailController.swift */ = {isa = PBXFileReference; lastKnownFileType = sourcecode.swift; path = ActivityDetailController.swift; sourceTree = "<group>"; };
		825C382B254672C000F8F836 /* EditActivityController.swift */ = {isa = PBXFileReference; lastKnownFileType = sourcecode.swift; path = EditActivityController.swift; sourceTree = "<group>"; };
		93923A552556A967002AE77C /* ParticipantCell.swift */ = {isa = PBXFileReference; lastKnownFileType = sourcecode.swift; path = ParticipantCell.swift; sourceTree = "<group>"; };
		9B201B30253EE10E00A30EFE /* ScaleAnimationButton.swift */ = {isa = PBXFileReference; lastKnownFileType = sourcecode.swift; path = ScaleAnimationButton.swift; sourceTree = "<group>"; };
		9B201B39253EE88C00A30EFE /* DOFavoriteButtonNew.h */ = {isa = PBXFileReference; lastKnownFileType = sourcecode.c.h; path = DOFavoriteButtonNew.h; sourceTree = "<group>"; };
		9B201B3A253EE8A400A30EFE /* DOFavoriteButtonNew.swift */ = {isa = PBXFileReference; lastKnownFileType = sourcecode.swift; path = DOFavoriteButtonNew.swift; sourceTree = "<group>"; };
		9B28DDE125414E8D00A56C3D /* IncomingMessage.swift */ = {isa = PBXFileReference; fileEncoding = 4; lastKnownFileType = sourcecode.swift; path = IncomingMessage.swift; sourceTree = "<group>"; };
		9B28DDE325414EBD00A56C3D /* MKMessage.swift */ = {isa = PBXFileReference; fileEncoding = 4; lastKnownFileType = sourcecode.swift; path = MKMessage.swift; sourceTree = "<group>"; };
		9B28DDE525414EC700A56C3D /* NotificationsViewController.swift */ = {isa = PBXFileReference; fileEncoding = 4; lastKnownFileType = sourcecode.swift; path = NotificationsViewController.swift; sourceTree = "<group>"; };
		9B28DDE825414ECE00A56C3D /* RealmManager.swift */ = {isa = PBXFileReference; fileEncoding = 4; lastKnownFileType = sourcecode.swift; path = RealmManager.swift; sourceTree = "<group>"; };
		9B28DDE925414ECE00A56C3D /* LocalMessage.swift */ = {isa = PBXFileReference; fileEncoding = 4; lastKnownFileType = sourcecode.swift; path = LocalMessage.swift; sourceTree = "<group>"; };
		9B28DDEC25414EFA00A56C3D /* MessgaeKitDefaults.swift */ = {isa = PBXFileReference; fileEncoding = 4; lastKnownFileType = sourcecode.swift; path = MessgaeKitDefaults.swift; sourceTree = "<group>"; };
		9B28DDEE25414F1D00A56C3D /* ChatViewController.swift */ = {isa = PBXFileReference; fileEncoding = 4; lastKnownFileType = sourcecode.swift; path = ChatViewController.swift; sourceTree = "<group>"; };
		9B7A78B4254D82340084A349 /* LikeBtn.swift */ = {isa = PBXFileReference; lastKnownFileType = sourcecode.swift; path = LikeBtn.swift; sourceTree = "<group>"; };
		A070F6157BADFC4B5D6A4BD7 /* Pods-Messager.release.xcconfig */ = {isa = PBXFileReference; includeInIndex = 1; lastKnownFileType = text.xcconfig; name = "Pods-Messager.release.xcconfig"; path = "Target Support Files/Pods-Messager/Pods-Messager.release.xcconfig"; sourceTree = "<group>"; };
		A3D6198C424F6A83FE143FAB /* Pods_Messager_MessagerUITests.framework */ = {isa = PBXFileReference; explicitFileType = wrapper.framework; includeInIndex = 0; path = Pods_Messager_MessagerUITests.framework; sourceTree = BUILT_PRODUCTS_DIR; };
		A503279C2531A04F00CEE6E7 /* RecentChat.swift */ = {isa = PBXFileReference; lastKnownFileType = sourcecode.swift; path = RecentChat.swift; sourceTree = "<group>"; };
		A50327A42531FA5300CEE6E7 /* RecentTableViewCell.swift */ = {isa = PBXFileReference; lastKnownFileType = sourcecode.swift; path = RecentTableViewCell.swift; sourceTree = "<group>"; };
		A50327A9253202C000CEE6E7 /* GlobalFunctions.swift */ = {isa = PBXFileReference; lastKnownFileType = sourcecode.swift; path = GlobalFunctions.swift; sourceTree = "<group>"; };
		A50327AE2532E15700CEE6E7 /* Extensions.swift */ = {isa = PBXFileReference; lastKnownFileType = sourcecode.swift; path = Extensions.swift; sourceTree = "<group>"; };
		A50327B32532E2AE00CEE6E7 /* StartChat.swift */ = {isa = PBXFileReference; lastKnownFileType = sourcecode.swift; path = StartChat.swift; sourceTree = "<group>"; };
		A50624972533014B00A7FE9F /* ChatsTableViewController.swift */ = {isa = PBXFileReference; lastKnownFileType = sourcecode.swift; path = ChatsTableViewController.swift; sourceTree = "<group>"; };
		A517F8B92514E89F00621A26 /* Messager.app */ = {isa = PBXFileReference; explicitFileType = wrapper.application; includeInIndex = 0; path = Messager.app; sourceTree = BUILT_PRODUCTS_DIR; };
		A517F8BC2514E89F00621A26 /* AppDelegate.swift */ = {isa = PBXFileReference; lastKnownFileType = sourcecode.swift; path = AppDelegate.swift; sourceTree = "<group>"; };
		A517F8BE2514E89F00621A26 /* SceneDelegate.swift */ = {isa = PBXFileReference; lastKnownFileType = sourcecode.swift; path = SceneDelegate.swift; sourceTree = "<group>"; };
		A517F8C02514E89F00621A26 /* LoginViewController.swift */ = {isa = PBXFileReference; lastKnownFileType = sourcecode.swift; path = LoginViewController.swift; sourceTree = "<group>"; };
		A517F8C52514E89F00621A26 /* Assets.xcassets */ = {isa = PBXFileReference; lastKnownFileType = folder.assetcatalog; path = Assets.xcassets; sourceTree = "<group>"; };
		A517F8C82514E89F00621A26 /* Base */ = {isa = PBXFileReference; lastKnownFileType = file.storyboard; name = Base; path = Base.lproj/LaunchScreen.storyboard; sourceTree = "<group>"; };
		A517F8CA2514E89F00621A26 /* Info.plist */ = {isa = PBXFileReference; lastKnownFileType = text.plist.xml; path = Info.plist; sourceTree = "<group>"; };
		A517F8CF2514E8A000621A26 /* MessagerTests.xctest */ = {isa = PBXFileReference; explicitFileType = wrapper.cfbundle; includeInIndex = 0; path = MessagerTests.xctest; sourceTree = BUILT_PRODUCTS_DIR; };
		A517F8D32514E8A000621A26 /* MessagerTests.swift */ = {isa = PBXFileReference; lastKnownFileType = sourcecode.swift; path = MessagerTests.swift; sourceTree = "<group>"; };
		A517F8D52514E8A000621A26 /* Info.plist */ = {isa = PBXFileReference; lastKnownFileType = text.plist.xml; path = Info.plist; sourceTree = "<group>"; };
		A517F8DA2514E8A000621A26 /* MessagerUITests.xctest */ = {isa = PBXFileReference; explicitFileType = wrapper.cfbundle; includeInIndex = 0; path = MessagerUITests.xctest; sourceTree = BUILT_PRODUCTS_DIR; };
		A517F8DE2514E8A000621A26 /* MessagerUITests.swift */ = {isa = PBXFileReference; lastKnownFileType = sourcecode.swift; path = MessagerUITests.swift; sourceTree = "<group>"; };
		A517F8E02514E8A000621A26 /* Info.plist */ = {isa = PBXFileReference; lastKnownFileType = text.plist.xml; path = Info.plist; sourceTree = "<group>"; };
		A527DEBD251734A30097D419 /* GoogleService-Info.plist */ = {isa = PBXFileReference; fileEncoding = 4; lastKnownFileType = text.plist.xml; path = "GoogleService-Info.plist"; sourceTree = "<group>"; };
		A5790B25251B90BC009E1347 /* User.swift */ = {isa = PBXFileReference; lastKnownFileType = sourcecode.swift; path = User.swift; sourceTree = "<group>"; };
		A5790B2A252077E1009E1347 /* Constants.swift */ = {isa = PBXFileReference; lastKnownFileType = sourcecode.swift; path = Constants.swift; sourceTree = "<group>"; };
		A59E1824254E85D200FC5C61 /* AudioMessage.swift */ = {isa = PBXFileReference; lastKnownFileType = sourcecode.swift; path = AudioMessage.swift; sourceTree = "<group>"; };
		A59E182C254E8A0500FC5C61 /* BasicAudioController.swift */ = {isa = PBXFileReference; lastKnownFileType = sourcecode.swift; path = BasicAudioController.swift; sourceTree = "<group>"; };
		A5C154AB2541317900A504D6 /* FCollectionReferences.swift */ = {isa = PBXFileReference; fileEncoding = 4; lastKnownFileType = sourcecode.swift; path = FCollectionReferences.swift; sourceTree = "<group>"; };
		A5C154AC2541317900A504D6 /* FirebaseMessageListener.swift */ = {isa = PBXFileReference; fileEncoding = 4; lastKnownFileType = sourcecode.swift; path = FirebaseMessageListener.swift; sourceTree = "<group>"; };
		A5C154AD2541317900A504D6 /* FirebaseRecentListener.swift */ = {isa = PBXFileReference; fileEncoding = 4; lastKnownFileType = sourcecode.swift; path = FirebaseRecentListener.swift; sourceTree = "<group>"; };
		A5C154AE2541317900A504D6 /* FirebaseUserListener.swift */ = {isa = PBXFileReference; fileEncoding = 4; lastKnownFileType = sourcecode.swift; path = FirebaseUserListener.swift; sourceTree = "<group>"; };
		A5C154B6254131CD00A504D6 /* PatientInfoCustomLabel.swift */ = {isa = PBXFileReference; fileEncoding = 4; lastKnownFileType = sourcecode.swift; path = PatientInfoCustomLabel.swift; sourceTree = "<group>"; };
		A5C155652541356E00A504D6 /* OutgoingMessage.swift */ = {isa = PBXFileReference; fileEncoding = 4; lastKnownFileType = sourcecode.swift; name = OutgoingMessage.swift; path = ../OutgoingMessage.swift; sourceTree = "<group>"; };
		A5C155AD2541380400A504D6 /* OtherUserViewController.swift */ = {isa = PBXFileReference; fileEncoding = 4; lastKnownFileType = sourcecode.swift; path = OtherUserViewController.swift; sourceTree = "<group>"; };
		A5C155B22541381400A504D6 /* ActivityData.swift */ = {isa = PBXFileReference; fileEncoding = 4; lastKnownFileType = sourcecode.swift; path = ActivityData.swift; sourceTree = "<group>"; };
		A5C155B82541382400A504D6 /* MessageCellDelegate.swift */ = {isa = PBXFileReference; fileEncoding = 4; lastKnownFileType = sourcecode.swift; path = MessageCellDelegate.swift; sourceTree = "<group>"; };
		A5C155B92541382400A504D6 /* InputBarAccessory.swift */ = {isa = PBXFileReference; fileEncoding = 4; lastKnownFileType = sourcecode.swift; path = InputBarAccessory.swift; sourceTree = "<group>"; };
		A5C155BA2541382400A504D6 /* MessageDisplayDelegate.swift */ = {isa = PBXFileReference; fileEncoding = 4; lastKnownFileType = sourcecode.swift; path = MessageDisplayDelegate.swift; sourceTree = "<group>"; };
		A5C155BB2541382400A504D6 /* MessageLayoutDelegate.swift */ = {isa = PBXFileReference; fileEncoding = 4; lastKnownFileType = sourcecode.swift; path = MessageLayoutDelegate.swift; sourceTree = "<group>"; };
		A5C155BC2541382400A504D6 /* MessageDataSource.swift */ = {isa = PBXFileReference; fileEncoding = 4; lastKnownFileType = sourcecode.swift; path = MessageDataSource.swift; sourceTree = "<group>"; };
		A5DAAEEB254BE5D300F15718 /* AudioRecorder.swift */ = {isa = PBXFileReference; lastKnownFileType = sourcecode.swift; path = AudioRecorder.swift; sourceTree = "<group>"; };
		A5DAAEF0254BFCAA00F15718 /* FileStorage.swift */ = {isa = PBXFileReference; lastKnownFileType = sourcecode.swift; path = FileStorage.swift; sourceTree = "<group>"; };
		A5DAAEF5254D0CC200F15718 /* Channel.swift */ = {isa = PBXFileReference; lastKnownFileType = sourcecode.swift; path = Channel.swift; sourceTree = "<group>"; };
		A5DFB0D92529F8E200471C1A /* SettingTableViewController.swift */ = {isa = PBXFileReference; lastKnownFileType = sourcecode.swift; path = SettingTableViewController.swift; sourceTree = "<group>"; };
		A5DFB0E3252ABF6D00471C1A /* UsersTableViewController.swift */ = {isa = PBXFileReference; lastKnownFileType = sourcecode.swift; path = UsersTableViewController.swift; sourceTree = "<group>"; };
		BB052F0D254FBF710046154B /* ActivityManager.swift */ = {isa = PBXFileReference; lastKnownFileType = sourcecode.swift; path = ActivityManager.swift; sourceTree = "<group>"; };
		BB052F11254FE5160046154B /* LocalAuthViewController.swift */ = {isa = PBXFileReference; lastKnownFileType = sourcecode.swift; path = LocalAuthViewController.swift; sourceTree = "<group>"; };
		BB09701C253C29FC00A381A5 /* ActivityCatogory.swift */ = {isa = PBXFileReference; lastKnownFileType = sourcecode.swift; path = ActivityCatogory.swift; sourceTree = "<group>"; };
		BB1C1D0C253408C400DCF2D5 /* FeedData.swift */ = {isa = PBXFileReference; fileEncoding = 4; lastKnownFileType = sourcecode.swift; path = FeedData.swift; sourceTree = "<group>"; };
		BB1C1D1125340C4700DCF2D5 /* FeedCell.swift */ = {isa = PBXFileReference; fileEncoding = 4; lastKnownFileType = sourcecode.swift; path = FeedCell.swift; sourceTree = "<group>"; };
		BB1C1E6425344D4000DCF2D5 /* UserTableViewCell.swift */ = {isa = PBXFileReference; fileEncoding = 4; lastKnownFileType = sourcecode.swift; path = UserTableViewCell.swift; sourceTree = "<group>"; };
		BB5175182534554C0078F78B /* Main.storyboard */ = {isa = PBXFileReference; fileEncoding = 4; lastKnownFileType = file.storyboard; path = Main.storyboard; sourceTree = "<group>"; };
		BB51764325347FFD0078F78B /* TabViewController.swift */ = {isa = PBXFileReference; lastKnownFileType = sourcecode.swift; path = TabViewController.swift; sourceTree = "<group>"; };
		BB93CC7A254BBC3900C7F59A /* PostViewController.swift */ = {isa = PBXFileReference; fileEncoding = 4; lastKnownFileType = sourcecode.swift; path = PostViewController.swift; sourceTree = "<group>"; };
		BB93CC7F254BBC7300C7F59A /* PostLocationViewController.swift */ = {isa = PBXFileReference; fileEncoding = 4; lastKnownFileType = sourcecode.swift; path = PostLocationViewController.swift; sourceTree = "<group>"; };
		BB93CC84254BBC7A00C7F59A /* PostDateViewController.swift */ = {isa = PBXFileReference; fileEncoding = 4; lastKnownFileType = sourcecode.swift; path = PostDateViewController.swift; sourceTree = "<group>"; };
		BB93CC89254BBD0C00C7F59A /* SuggestionsTableViewController.swift */ = {isa = PBXFileReference; fileEncoding = 4; lastKnownFileType = sourcecode.swift; path = SuggestionsTableViewController.swift; sourceTree = "<group>"; };
		BBAFAEA22554526800013DBE /* EditTableViewController.swift */ = {isa = PBXFileReference; lastKnownFileType = sourcecode.swift; path = EditTableViewController.swift; sourceTree = "<group>"; };
		BBC43B125DD1521B2072F3BD /* Pods-MessagerTests.release.xcconfig */ = {isa = PBXFileReference; includeInIndex = 1; lastKnownFileType = text.xcconfig; name = "Pods-MessagerTests.release.xcconfig"; path = "Target Support Files/Pods-MessagerTests/Pods-MessagerTests.release.xcconfig"; sourceTree = "<group>"; };
		BBD17F352532FB9600C182D4 /* ActivityTabViewController.swift */ = {isa = PBXFileReference; lastKnownFileType = sourcecode.swift; path = ActivityTabViewController.swift; sourceTree = "<group>"; };
		BBD17F3B2533080C00C182D4 /* ActivityTableViewController.swift */ = {isa = PBXFileReference; lastKnownFileType = sourcecode.swift; path = ActivityTableViewController.swift; sourceTree = "<group>"; };
		BBE474E3252CA343005AE820 /* FeedViewController.swift */ = {isa = PBXFileReference; lastKnownFileType = sourcecode.swift; path = FeedViewController.swift; sourceTree = "<group>"; };
		BBEE4335252DDF2400D3B305 /* Activity.swift */ = {isa = PBXFileReference; lastKnownFileType = sourcecode.swift; path = Activity.swift; sourceTree = "<group>"; };
		BBEE433D252DE06E00D3B305 /* ActivityApplication.swift */ = {isa = PBXFileReference; lastKnownFileType = sourcecode.swift; path = ActivityApplication.swift; sourceTree = "<group>"; };
		BBEE4366252DEAB900D3B305 /* DBSeeding.swift */ = {isa = PBXFileReference; lastKnownFileType = sourcecode.swift; path = DBSeeding.swift; sourceTree = "<group>"; };
		BBF749B125527E7200CC60AE /* ConfigTableViewController.swift */ = {isa = PBXFileReference; lastKnownFileType = sourcecode.swift; path = ConfigTableViewController.swift; sourceTree = "<group>"; };
		BBF8100F25388755004C61B2 /* PostViewController2.swift */ = {isa = PBXFileReference; lastKnownFileType = sourcecode.swift; path = PostViewController2.swift; sourceTree = "<group>"; };
		BC7CD7FFE5534F21402F83EC /* Pods_Messager.framework */ = {isa = PBXFileReference; explicitFileType = wrapper.framework; includeInIndex = 0; path = Pods_Messager.framework; sourceTree = BUILT_PRODUCTS_DIR; };
		D594DDF3806905AE2D5F8769 /* Pods-Messager-MessagerUITests.debug.xcconfig */ = {isa = PBXFileReference; includeInIndex = 1; lastKnownFileType = text.xcconfig; name = "Pods-Messager-MessagerUITests.debug.xcconfig"; path = "Target Support Files/Pods-Messager-MessagerUITests/Pods-Messager-MessagerUITests.debug.xcconfig"; sourceTree = "<group>"; };
		DBF39DD42C27001C61EA8500 /* Pods-Messager-MessagerUITests.release.xcconfig */ = {isa = PBXFileReference; includeInIndex = 1; lastKnownFileType = text.xcconfig; name = "Pods-Messager-MessagerUITests.release.xcconfig"; path = "Target Support Files/Pods-Messager-MessagerUITests/Pods-Messager-MessagerUITests.release.xcconfig"; sourceTree = "<group>"; };
		E397FEAF4C180C02193685CB /* Pods-Messager.debug.xcconfig */ = {isa = PBXFileReference; includeInIndex = 1; lastKnownFileType = text.xcconfig; name = "Pods-Messager.debug.xcconfig"; path = "Target Support Files/Pods-Messager/Pods-Messager.debug.xcconfig"; sourceTree = "<group>"; };
		FE2CB289CE8D6B5F704B7D50 /* Pods-MessagerTests.debug.xcconfig */ = {isa = PBXFileReference; includeInIndex = 1; lastKnownFileType = text.xcconfig; name = "Pods-MessagerTests.debug.xcconfig"; path = "Target Support Files/Pods-MessagerTests/Pods-MessagerTests.debug.xcconfig"; sourceTree = "<group>"; };
/* End PBXFileReference section */

/* Begin PBXFrameworksBuildPhase section */
		A517F8B62514E89F00621A26 /* Frameworks */ = {
			isa = PBXFrameworksBuildPhase;
			buildActionMask = 2147483647;
			files = (
				2CF3794D5F3E5EB4973930F6 /* Pods_Messager.framework in Frameworks */,
			);
			runOnlyForDeploymentPostprocessing = 0;
		};
		A517F8CC2514E8A000621A26 /* Frameworks */ = {
			isa = PBXFrameworksBuildPhase;
			buildActionMask = 2147483647;
			files = (
				721822EF70C2CE41F9874CD9 /* Pods_MessagerTests.framework in Frameworks */,
			);
			runOnlyForDeploymentPostprocessing = 0;
		};
		A517F8D72514E8A000621A26 /* Frameworks */ = {
			isa = PBXFrameworksBuildPhase;
			buildActionMask = 2147483647;
			files = (
				0113E4928C3B96AA37E24A9A /* Pods_Messager_MessagerUITests.framework in Frameworks */,
			);
			runOnlyForDeploymentPostprocessing = 0;
		};
/* End PBXFrameworksBuildPhase section */

/* Begin PBXGroup section */
		52D9315F05B99ABDF30F9AF5 /* Frameworks */ = {
			isa = PBXGroup;
			children = (
				BC7CD7FFE5534F21402F83EC /* Pods_Messager.framework */,
				A3D6198C424F6A83FE143FAB /* Pods_Messager_MessagerUITests.framework */,
				15331159C2A6F1CA53F54F45 /* Pods_MessagerTests.framework */,
			);
			name = Frameworks;
			sourceTree = "<group>";
		};
		9744C439218AADBACE1980CE /* Pods */ = {
			isa = PBXGroup;
			children = (
				E397FEAF4C180C02193685CB /* Pods-Messager.debug.xcconfig */,
				A070F6157BADFC4B5D6A4BD7 /* Pods-Messager.release.xcconfig */,
				D594DDF3806905AE2D5F8769 /* Pods-Messager-MessagerUITests.debug.xcconfig */,
				DBF39DD42C27001C61EA8500 /* Pods-Messager-MessagerUITests.release.xcconfig */,
				FE2CB289CE8D6B5F704B7D50 /* Pods-MessagerTests.debug.xcconfig */,
				BBC43B125DD1521B2072F3BD /* Pods-MessagerTests.release.xcconfig */,
			);
			path = Pods;
			sourceTree = "<group>";
		};
		9B201B38253EE85600A30EFE /* DOFavoriteButtonNew */ = {
			isa = PBXGroup;
			children = (
				9B201B39253EE88C00A30EFE /* DOFavoriteButtonNew.h */,
				9B201B3A253EE8A400A30EFE /* DOFavoriteButtonNew.swift */,
			);
			path = DOFavoriteButtonNew;
			sourceTree = "<group>";
		};
		9B28DDE725414ECE00A56C3D /* RealmMessage */ = {
			isa = PBXGroup;
			children = (
				9B28DDE825414ECE00A56C3D /* RealmManager.swift */,
				9B28DDE925414ECE00A56C3D /* LocalMessage.swift */,
				9B7A78B4254D82340084A349 /* LikeBtn.swift */,
			);
			path = RealmMessage;
			sourceTree = "<group>";
		};
		A50327BD2532E77F00CEE6E7 /* Recent */ = {
			isa = PBXGroup;
			children = (
				BB052F0D254FBF710046154B /* ActivityManager.swift */,
				9B28DDEE25414F1D00A56C3D /* ChatViewController.swift */,
				A5C155B72541382400A504D6 /* ChatViewExtensions */,
				A50327A42531FA5300CEE6E7 /* RecentTableViewCell.swift */,
				A50624972533014B00A7FE9F /* ChatsTableViewController.swift */,
				A50327B32532E2AE00CEE6E7 /* StartChat.swift */,
			);
			path = Recent;
			sourceTree = "<group>";
		};
		A517F8B02514E89F00621A26 = {
			isa = PBXGroup;
			children = (
				A517F8BB2514E89F00621A26 /* Messager */,
				A517F8D22514E8A000621A26 /* MessagerTests */,
				A517F8DD2514E8A000621A26 /* MessagerUITests */,
				A517F8BA2514E89F00621A26 /* Products */,
				9744C439218AADBACE1980CE /* Pods */,
				52D9315F05B99ABDF30F9AF5 /* Frameworks */,
			);
			sourceTree = "<group>";
		};
		A517F8BA2514E89F00621A26 /* Products */ = {
			isa = PBXGroup;
			children = (
				A517F8B92514E89F00621A26 /* Messager.app */,
				A517F8CF2514E8A000621A26 /* MessagerTests.xctest */,
				A517F8DA2514E8A000621A26 /* MessagerUITests.xctest */,
			);
			name = Products;
			sourceTree = "<group>";
		};
		A517F8BB2514E89F00621A26 /* Messager */ = {
			isa = PBXGroup;
			children = (
				A5C154AA2541317900A504D6 /* FirebaseHelpers */,
				9B201B38253EE85600A30EFE /* DOFavoriteButtonNew */,
				BB51759025346EEE0078F78B /* CustomViewController */,
				BBE474E1252CA26C005AE820 /* Controller */,
				A5D8163525341E3E006E8DE4 /* Login */,
				A5D8163125341DF5006E8DE4 /* People */,
				A5D8163025341DCB006E8DE4 /* Me */,
				A50327BD2532E77F00CEE6E7 /* Recent */,
				A5DFB0D52529D83100471C1A /* Helpers */,
				A5DFB0C8252829C500471C1A /* Model */,
				A517F8BC2514E89F00621A26 /* AppDelegate.swift */,
				A517F8BE2514E89F00621A26 /* SceneDelegate.swift */,
				BB052F11254FE5160046154B /* LocalAuthViewController.swift */,
				A517F8C72514E89F00621A26 /* LaunchScreen.storyboard */,
				BB5175182534554C0078F78B /* Main.storyboard */,
				A517F8C52514E89F00621A26 /* Assets.xcassets */,
				A517F8CA2514E89F00621A26 /* Info.plist */,
				A527DEBD251734A30097D419 /* GoogleService-Info.plist */,
			);
			path = Messager;
			sourceTree = "<group>";
		};
		A517F8D22514E8A000621A26 /* MessagerTests */ = {
			isa = PBXGroup;
			children = (
				A517F8D32514E8A000621A26 /* MessagerTests.swift */,
				A517F8D52514E8A000621A26 /* Info.plist */,
			);
			path = MessagerTests;
			sourceTree = "<group>";
		};
		A517F8DD2514E8A000621A26 /* MessagerUITests */ = {
			isa = PBXGroup;
			children = (
				A517F8DE2514E8A000621A26 /* MessagerUITests.swift */,
				A517F8E02514E8A000621A26 /* Info.plist */,
			);
			path = MessagerUITests;
			sourceTree = "<group>";
		};
		A5C154AA2541317900A504D6 /* FirebaseHelpers */ = {
			isa = PBXGroup;
			children = (
				A5C154AB2541317900A504D6 /* FCollectionReferences.swift */,
				A5C154AC2541317900A504D6 /* FirebaseMessageListener.swift */,
				A5C154AD2541317900A504D6 /* FirebaseRecentListener.swift */,
				A5C154AE2541317900A504D6 /* FirebaseUserListener.swift */,
			);
			path = FirebaseHelpers;
			sourceTree = "<group>";
		};
		A5C155B72541382400A504D6 /* ChatViewExtensions */ = {
			isa = PBXGroup;
			children = (
				A5C155B82541382400A504D6 /* MessageCellDelegate.swift */,
				A5C155B92541382400A504D6 /* InputBarAccessory.swift */,
				A5C155BA2541382400A504D6 /* MessageDisplayDelegate.swift */,
				A5C155BB2541382400A504D6 /* MessageLayoutDelegate.swift */,
				A5C155BC2541382400A504D6 /* MessageDataSource.swift */,
			);
			path = ChatViewExtensions;
			sourceTree = "<group>";
		};
		A5D8163025341DCB006E8DE4 /* Me */ = {
			isa = PBXGroup;
			children = (
				BBAFAEA22554526800013DBE /* EditTableViewController.swift */,
				A5C155B22541381400A504D6 /* ActivityData.swift */,
				A5C155AD2541380400A504D6 /* OtherUserViewController.swift */,
				8214C9F7253416D700909AEE /* CreatedCell.swift */,
				8214C9F9253416D700909AEE /* MeViewController.swift */,
				8214C9F6253416D700909AEE /* JoinedCell.swift */,
				8214C9F8253416D700909AEE /* UIViewHelper.swift */,
				A5DFB0D92529F8E200471C1A /* SettingTableViewController.swift */,
				BBF749B125527E7200CC60AE /* ConfigTableViewController.swift */,
				93923A552556A967002AE77C /* ParticipantCell.swift */,
			);
			path = Me;
			sourceTree = "<group>";
		};
		A5D8163125341DF5006E8DE4 /* People */ = {
			isa = PBXGroup;
			children = (
				BB1C1E6425344D4000DCF2D5 /* UserTableViewCell.swift */,
				A5DFB0E3252ABF6D00471C1A /* UsersTableViewController.swift */,
			);
			path = People;
			sourceTree = "<group>";
		};
		A5D8163525341E3E006E8DE4 /* Login */ = {
			isa = PBXGroup;
			children = (
				A517F8C02514E89F00621A26 /* LoginViewController.swift */,
			);
			path = Login;
			sourceTree = "<group>";
		};
		A5DFB0C8252829C500471C1A /* Model */ = {
			isa = PBXGroup;
			children = (
				9B28DDE725414ECE00A56C3D /* RealmMessage */,
				BBEE4334252DDEE500D3B305 /* Activity */,
				9B28DDE325414EBD00A56C3D /* MKMessage.swift */,
				9B28DDE525414EC700A56C3D /* NotificationsViewController.swift */,
				9B28DDE125414E8D00A56C3D /* IncomingMessage.swift */,
				A5C155652541356E00A504D6 /* OutgoingMessage.swift */,
				A503279C2531A04F00CEE6E7 /* RecentChat.swift */,
				A5790B25251B90BC009E1347 /* User.swift */,
				BB1C1D0C253408C400DCF2D5 /* FeedData.swift */,
				BB09701C253C29FC00A381A5 /* ActivityCatogory.swift */,
				A5DAAEEB254BE5D300F15718 /* AudioRecorder.swift */,
				A5DAAEF5254D0CC200F15718 /* Channel.swift */,
				A59E1824254E85D200FC5C61 /* AudioMessage.swift */,
				A59E182C254E8A0500FC5C61 /* BasicAudioController.swift */,
			);
			path = Model;
			sourceTree = "<group>";
		};
		A5DFB0D52529D83100471C1A /* Helpers */ = {
			isa = PBXGroup;
			children = (
				9B28DDEC25414EFA00A56C3D /* MessgaeKitDefaults.swift */,
				A5790B2A252077E1009E1347 /* Constants.swift */,
				A50327A9253202C000CEE6E7 /* GlobalFunctions.swift */,
				A50327AE2532E15700CEE6E7 /* Extensions.swift */,
				A5DAAEF0254BFCAA00F15718 /* FileStorage.swift */,
			);
			path = Helpers;
			sourceTree = "<group>";
		};
		BB51759025346EEE0078F78B /* CustomViewController */ = {
			isa = PBXGroup;
			children = (
				BB51764325347FFD0078F78B /* TabViewController.swift */,
			);
			path = CustomViewController;
			sourceTree = "<group>";
		};
		BBE474E1252CA26C005AE820 /* Controller */ = {
			isa = PBXGroup;
			children = (
				A5C154B6254131CD00A504D6 /* PatientInfoCustomLabel.swift */,
				BBE474E3252CA343005AE820 /* FeedViewController.swift */,
				BBD17F352532FB9600C182D4 /* ActivityTabViewController.swift */,
				BBD17F3B2533080C00C182D4 /* ActivityTableViewController.swift */,
				BB1C1D1125340C4700DCF2D5 /* FeedCell.swift */,
				BB93CC7A254BBC3900C7F59A /* PostViewController.swift */,
				BBF8100F25388755004C61B2 /* PostViewController2.swift */,
				BB93CC7F254BBC7300C7F59A /* PostLocationViewController.swift */,
				BB93CC84254BBC7A00C7F59A /* PostDateViewController.swift */,
				BB93CC89254BBD0C00C7F59A /* SuggestionsTableViewController.swift */,
				9B201B30253EE10E00A30EFE /* ScaleAnimationButton.swift */,
			);
			path = Controller;
			sourceTree = "<group>";
		};
		BBEE4334252DDEE500D3B305 /* Activity */ = {
			isa = PBXGroup;
			children = (
				BBEE4335252DDF2400D3B305 /* Activity.swift */,
				BBEE433D252DE06E00D3B305 /* ActivityApplication.swift */,
				BBEE4366252DEAB900D3B305 /* DBSeeding.swift */,
				8223DCF3254186FF00675647 /* ActivityDetailController.swift */,
				825C382B254672C000F8F836 /* EditActivityController.swift */,
			);
			path = Activity;
			sourceTree = "<group>";
		};
/* End PBXGroup section */

/* Begin PBXNativeTarget section */
		A517F8B82514E89F00621A26 /* Messager */ = {
			isa = PBXNativeTarget;
			buildConfigurationList = A517F8E32514E8A000621A26 /* Build configuration list for PBXNativeTarget "Messager" */;
			buildPhases = (
				D7D15B909E60EF600CE92DE4 /* [CP] Check Pods Manifest.lock */,
				A517F8B52514E89F00621A26 /* Sources */,
				A517F8B62514E89F00621A26 /* Frameworks */,
				A517F8B72514E89F00621A26 /* Resources */,
				17773D23DC532566EF634825 /* [CP] Embed Pods Frameworks */,
			);
			buildRules = (
			);
			dependencies = (
			);
			name = Messager;
			productName = Messager;
			productReference = A517F8B92514E89F00621A26 /* Messager.app */;
			productType = "com.apple.product-type.application";
		};
		A517F8CE2514E8A000621A26 /* MessagerTests */ = {
			isa = PBXNativeTarget;
			buildConfigurationList = A517F8E62514E8A000621A26 /* Build configuration list for PBXNativeTarget "MessagerTests" */;
			buildPhases = (
				79F5C903BC4CA8E900397C1D /* [CP] Check Pods Manifest.lock */,
				A517F8CB2514E8A000621A26 /* Sources */,
				A517F8CC2514E8A000621A26 /* Frameworks */,
				A517F8CD2514E8A000621A26 /* Resources */,
			);
			buildRules = (
			);
			dependencies = (
				A517F8D12514E8A000621A26 /* PBXTargetDependency */,
			);
			name = MessagerTests;
			productName = MessagerTests;
			productReference = A517F8CF2514E8A000621A26 /* MessagerTests.xctest */;
			productType = "com.apple.product-type.bundle.unit-test";
		};
		A517F8D92514E8A000621A26 /* MessagerUITests */ = {
			isa = PBXNativeTarget;
			buildConfigurationList = A517F8E92514E8A000621A26 /* Build configuration list for PBXNativeTarget "MessagerUITests" */;
			buildPhases = (
				337BBB9134810EB549D357AD /* [CP] Check Pods Manifest.lock */,
				A517F8D62514E8A000621A26 /* Sources */,
				A517F8D72514E8A000621A26 /* Frameworks */,
				A517F8D82514E8A000621A26 /* Resources */,
				E9931E1303F1E0D79BD133E8 /* [CP] Embed Pods Frameworks */,
			);
			buildRules = (
			);
			dependencies = (
				A517F8DC2514E8A000621A26 /* PBXTargetDependency */,
			);
			name = MessagerUITests;
			productName = MessagerUITests;
			productReference = A517F8DA2514E8A000621A26 /* MessagerUITests.xctest */;
			productType = "com.apple.product-type.bundle.ui-testing";
		};
/* End PBXNativeTarget section */

/* Begin PBXProject section */
		A517F8B12514E89F00621A26 /* Project object */ = {
			isa = PBXProject;
			attributes = {
				LastSwiftUpdateCheck = 1200;
				LastUpgradeCheck = 1200;
				TargetAttributes = {
					A517F8B82514E89F00621A26 = {
						CreatedOnToolsVersion = 12.0;
					};
					A517F8CE2514E8A000621A26 = {
						CreatedOnToolsVersion = 12.0;
						TestTargetID = A517F8B82514E89F00621A26;
					};
					A517F8D92514E8A000621A26 = {
						CreatedOnToolsVersion = 12.0;
						TestTargetID = A517F8B82514E89F00621A26;
					};
				};
			};
			buildConfigurationList = A517F8B42514E89F00621A26 /* Build configuration list for PBXProject "Messager" */;
			compatibilityVersion = "Xcode 9.3";
			developmentRegion = en;
			hasScannedForEncodings = 0;
			knownRegions = (
				en,
				Base,
			);
			mainGroup = A517F8B02514E89F00621A26;
			productRefGroup = A517F8BA2514E89F00621A26 /* Products */;
			projectDirPath = "";
			projectRoot = "";
			targets = (
				A517F8B82514E89F00621A26 /* Messager */,
				A517F8CE2514E8A000621A26 /* MessagerTests */,
				A517F8D92514E8A000621A26 /* MessagerUITests */,
			);
		};
/* End PBXProject section */

/* Begin PBXResourcesBuildPhase section */
		A517F8B72514E89F00621A26 /* Resources */ = {
			isa = PBXResourcesBuildPhase;
			buildActionMask = 2147483647;
			files = (
				A517F8C92514E89F00621A26 /* LaunchScreen.storyboard in Resources */,
				A527DEBE251734A30097D419 /* GoogleService-Info.plist in Resources */,
				A517F8C62514E89F00621A26 /* Assets.xcassets in Resources */,
				BB5175192534554C0078F78B /* Main.storyboard in Resources */,
			);
			runOnlyForDeploymentPostprocessing = 0;
		};
		A517F8CD2514E8A000621A26 /* Resources */ = {
			isa = PBXResourcesBuildPhase;
			buildActionMask = 2147483647;
			files = (
			);
			runOnlyForDeploymentPostprocessing = 0;
		};
		A517F8D82514E8A000621A26 /* Resources */ = {
			isa = PBXResourcesBuildPhase;
			buildActionMask = 2147483647;
			files = (
			);
			runOnlyForDeploymentPostprocessing = 0;
		};
/* End PBXResourcesBuildPhase section */

/* Begin PBXShellScriptBuildPhase section */
		17773D23DC532566EF634825 /* [CP] Embed Pods Frameworks */ = {
			isa = PBXShellScriptBuildPhase;
			buildActionMask = 2147483647;
			files = (
			);
			inputFileListPaths = (
				"${PODS_ROOT}/Target Support Files/Pods-Messager/Pods-Messager-frameworks-${CONFIGURATION}-input-files.xcfilelist",
			);
			name = "[CP] Embed Pods Frameworks";
			outputFileListPaths = (
				"${PODS_ROOT}/Target Support Files/Pods-Messager/Pods-Messager-frameworks-${CONFIGURATION}-output-files.xcfilelist",
			);
			runOnlyForDeploymentPostprocessing = 0;
			shellPath = /bin/sh;
			shellScript = "\"${PODS_ROOT}/Target Support Files/Pods-Messager/Pods-Messager-frameworks.sh\"\n";
			showEnvVarsInLog = 0;
		};
		337BBB9134810EB549D357AD /* [CP] Check Pods Manifest.lock */ = {
			isa = PBXShellScriptBuildPhase;
			buildActionMask = 2147483647;
			files = (
			);
			inputFileListPaths = (
			);
			inputPaths = (
				"${PODS_PODFILE_DIR_PATH}/Podfile.lock",
				"${PODS_ROOT}/Manifest.lock",
			);
			name = "[CP] Check Pods Manifest.lock";
			outputFileListPaths = (
			);
			outputPaths = (
				"$(DERIVED_FILE_DIR)/Pods-Messager-MessagerUITests-checkManifestLockResult.txt",
			);
			runOnlyForDeploymentPostprocessing = 0;
			shellPath = /bin/sh;
			shellScript = "diff \"${PODS_PODFILE_DIR_PATH}/Podfile.lock\" \"${PODS_ROOT}/Manifest.lock\" > /dev/null\nif [ $? != 0 ] ; then\n    # print error to STDERR\n    echo \"error: The sandbox is not in sync with the Podfile.lock. Run 'pod install' or update your CocoaPods installation.\" >&2\n    exit 1\nfi\n# This output is used by Xcode 'outputs' to avoid re-running this script phase.\necho \"SUCCESS\" > \"${SCRIPT_OUTPUT_FILE_0}\"\n";
			showEnvVarsInLog = 0;
		};
		79F5C903BC4CA8E900397C1D /* [CP] Check Pods Manifest.lock */ = {
			isa = PBXShellScriptBuildPhase;
			buildActionMask = 2147483647;
			files = (
			);
			inputFileListPaths = (
			);
			inputPaths = (
				"${PODS_PODFILE_DIR_PATH}/Podfile.lock",
				"${PODS_ROOT}/Manifest.lock",
			);
			name = "[CP] Check Pods Manifest.lock";
			outputFileListPaths = (
			);
			outputPaths = (
				"$(DERIVED_FILE_DIR)/Pods-MessagerTests-checkManifestLockResult.txt",
			);
			runOnlyForDeploymentPostprocessing = 0;
			shellPath = /bin/sh;
			shellScript = "diff \"${PODS_PODFILE_DIR_PATH}/Podfile.lock\" \"${PODS_ROOT}/Manifest.lock\" > /dev/null\nif [ $? != 0 ] ; then\n    # print error to STDERR\n    echo \"error: The sandbox is not in sync with the Podfile.lock. Run 'pod install' or update your CocoaPods installation.\" >&2\n    exit 1\nfi\n# This output is used by Xcode 'outputs' to avoid re-running this script phase.\necho \"SUCCESS\" > \"${SCRIPT_OUTPUT_FILE_0}\"\n";
			showEnvVarsInLog = 0;
		};
		D7D15B909E60EF600CE92DE4 /* [CP] Check Pods Manifest.lock */ = {
			isa = PBXShellScriptBuildPhase;
			buildActionMask = 2147483647;
			files = (
			);
			inputFileListPaths = (
			);
			inputPaths = (
				"${PODS_PODFILE_DIR_PATH}/Podfile.lock",
				"${PODS_ROOT}/Manifest.lock",
			);
			name = "[CP] Check Pods Manifest.lock";
			outputFileListPaths = (
			);
			outputPaths = (
				"$(DERIVED_FILE_DIR)/Pods-Messager-checkManifestLockResult.txt",
			);
			runOnlyForDeploymentPostprocessing = 0;
			shellPath = /bin/sh;
			shellScript = "diff \"${PODS_PODFILE_DIR_PATH}/Podfile.lock\" \"${PODS_ROOT}/Manifest.lock\" > /dev/null\nif [ $? != 0 ] ; then\n    # print error to STDERR\n    echo \"error: The sandbox is not in sync with the Podfile.lock. Run 'pod install' or update your CocoaPods installation.\" >&2\n    exit 1\nfi\n# This output is used by Xcode 'outputs' to avoid re-running this script phase.\necho \"SUCCESS\" > \"${SCRIPT_OUTPUT_FILE_0}\"\n";
			showEnvVarsInLog = 0;
		};
		E9931E1303F1E0D79BD133E8 /* [CP] Embed Pods Frameworks */ = {
			isa = PBXShellScriptBuildPhase;
			buildActionMask = 2147483647;
			files = (
			);
			inputFileListPaths = (
				"${PODS_ROOT}/Target Support Files/Pods-Messager-MessagerUITests/Pods-Messager-MessagerUITests-frameworks-${CONFIGURATION}-input-files.xcfilelist",
			);
			name = "[CP] Embed Pods Frameworks";
			outputFileListPaths = (
				"${PODS_ROOT}/Target Support Files/Pods-Messager-MessagerUITests/Pods-Messager-MessagerUITests-frameworks-${CONFIGURATION}-output-files.xcfilelist",
			);
			runOnlyForDeploymentPostprocessing = 0;
			shellPath = /bin/sh;
			shellScript = "\"${PODS_ROOT}/Target Support Files/Pods-Messager-MessagerUITests/Pods-Messager-MessagerUITests-frameworks.sh\"\n";
			showEnvVarsInLog = 0;
		};
/* End PBXShellScriptBuildPhase section */

/* Begin PBXSourcesBuildPhase section */
		A517F8B52514E89F00621A26 /* Sources */ = {
			isa = PBXSourcesBuildPhase;
			buildActionMask = 2147483647;
			files = (
				9B201B3B253EE8A400A30EFE /* DOFavoriteButtonNew.swift in Sources */,
				A5C155BF2541382400A504D6 /* MessageDisplayDelegate.swift in Sources */,
				9B28DDEA25414ECE00A56C3D /* RealmManager.swift in Sources */,
				BBAFAEA32554526800013DBE /* EditTableViewController.swift in Sources */,
				A5C154B22541317900A504D6 /* FirebaseUserListener.swift in Sources */,
				A5DFB0DA2529F8E200471C1A /* SettingTableViewController.swift in Sources */,
				A50327B42532E2AE00CEE6E7 /* StartChat.swift in Sources */,
				A5C155B32541381400A504D6 /* ActivityData.swift in Sources */,
				A5790B2B252077E1009E1347 /* Constants.swift in Sources */,
				9B28DDEF25414F1D00A56C3D /* ChatViewController.swift in Sources */,
				A5C154B12541317900A504D6 /* FirebaseRecentListener.swift in Sources */,
				825C382C254672C000F8F836 /* EditActivityController.swift in Sources */,
				A5790B26251B90BC009E1347 /* User.swift in Sources */,
				A503279D2531A05000CEE6E7 /* RecentChat.swift in Sources */,
				A50327A52531FA5300CEE6E7 /* RecentTableViewCell.swift in Sources */,
				A5C154B02541317900A504D6 /* FirebaseMessageListener.swift in Sources */,
				A59E1825254E85D200FC5C61 /* AudioMessage.swift in Sources */,
				BB1C1E6525344D4100DCF2D5 /* UserTableViewCell.swift in Sources */,
				A517F8C12514E89F00621A26 /* LoginViewController.swift in Sources */,
				BB93CC7B254BBC3900C7F59A /* PostViewController.swift in Sources */,
				9B28DDEB25414ECE00A56C3D /* LocalMessage.swift in Sources */,
				BBEE4367252DEAB900D3B305 /* DBSeeding.swift in Sources */,
				A5DAAEF6254D0CC200F15718 /* Channel.swift in Sources */,
				BBF749B225527E7200CC60AE /* ConfigTableViewController.swift in Sources */,
				8214C9FD253416D700909AEE /* MeViewController.swift in Sources */,
				A517F8BD2514E89F00621A26 /* AppDelegate.swift in Sources */,
				BB09701D253C29FC00A381A5 /* ActivityCatogory.swift in Sources */,
				A5C155C02541382400A504D6 /* MessageLayoutDelegate.swift in Sources */,
				BBEE433E252DE06E00D3B305 /* ActivityApplication.swift in Sources */,
				A5DAAEEC254BE5D300F15718 /* AudioRecorder.swift in Sources */,
				9B201B31253EE10E00A30EFE /* ScaleAnimationButton.swift in Sources */,
				BBEE4336252DDF2400D3B305 /* Activity.swift in Sources */,
				BB1C1D0D253408C400DCF2D5 /* FeedData.swift in Sources */,
				8223DCF4254186FF00675647 /* ActivityDetailController.swift in Sources */,
				BBE474E4252CA343005AE820 /* FeedViewController.swift in Sources */,
				BB1C1D1225340C4800DCF2D5 /* FeedCell.swift in Sources */,
				BB052F12254FE5160046154B /* LocalAuthViewController.swift in Sources */,
				9B7A78B5254D82340084A349 /* LikeBtn.swift in Sources */,
				8214C9FC253416D700909AEE /* UIViewHelper.swift in Sources */,
				A5C155BD2541382400A504D6 /* MessageCellDelegate.swift in Sources */,
				8214C9FA253416D700909AEE /* JoinedCell.swift in Sources */,
				A5C155662541356E00A504D6 /* OutgoingMessage.swift in Sources */,
				BBD17F3C2533080C00C182D4 /* ActivityTableViewController.swift in Sources */,
				A5DAAEF1254BFCAA00F15718 /* FileStorage.swift in Sources */,
				BBD17F362532FB9600C182D4 /* ActivityTabViewController.swift in Sources */,
				A5C154B7254131CD00A504D6 /* PatientInfoCustomLabel.swift in Sources */,
				BB93CC8A254BBD0C00C7F59A /* SuggestionsTableViewController.swift in Sources */,
				BB93CC85254BBC7A00C7F59A /* PostDateViewController.swift in Sources */,
				A5C154AF2541317900A504D6 /* FCollectionReferences.swift in Sources */,
				A59E182D254E8A0500FC5C61 /* BasicAudioController.swift in Sources */,
				BBF8101025388755004C61B2 /* PostViewController2.swift in Sources */,
				A5DFB0E4252ABF6D00471C1A /* UsersTableViewController.swift in Sources */,
				A50624982533014B00A7FE9F /* ChatsTableViewController.swift in Sources */,
				A5C155C12541382400A504D6 /* MessageDataSource.swift in Sources */,
				9B28DDE425414EBD00A56C3D /* MKMessage.swift in Sources */,
				9B28DDE625414EC700A56C3D /* NotificationsViewController.swift in Sources */,
				A517F8BF2514E89F00621A26 /* SceneDelegate.swift in Sources */,
				9B28DDED25414EFA00A56C3D /* MessgaeKitDefaults.swift in Sources */,
				A50327AA253202C000CEE6E7 /* GlobalFunctions.swift in Sources */,
				93923A562556A968002AE77C /* ParticipantCell.swift in Sources */,
				A50327AF2532E15700CEE6E7 /* Extensions.swift in Sources */,
				9B28DDE225414E8D00A56C3D /* IncomingMessage.swift in Sources */,
				A5C155BE2541382400A504D6 /* InputBarAccessory.swift in Sources */,
				BB51764425347FFD0078F78B /* TabViewController.swift in Sources */,
				8214C9FB253416D700909AEE /* CreatedCell.swift in Sources */,
				BB93CC80254BBC7300C7F59A /* PostLocationViewController.swift in Sources */,
				BB052F0E254FBF710046154B /* ActivityManager.swift in Sources */,
				A5C155AE2541380400A504D6 /* OtherUserViewController.swift in Sources */,
			);
			runOnlyForDeploymentPostprocessing = 0;
		};
		A517F8CB2514E8A000621A26 /* Sources */ = {
			isa = PBXSourcesBuildPhase;
			buildActionMask = 2147483647;
			files = (
				A517F8D42514E8A000621A26 /* MessagerTests.swift in Sources */,
			);
			runOnlyForDeploymentPostprocessing = 0;
		};
		A517F8D62514E8A000621A26 /* Sources */ = {
			isa = PBXSourcesBuildPhase;
			buildActionMask = 2147483647;
			files = (
				A517F8DF2514E8A000621A26 /* MessagerUITests.swift in Sources */,
			);
			runOnlyForDeploymentPostprocessing = 0;
		};
/* End PBXSourcesBuildPhase section */

/* Begin PBXTargetDependency section */
		A517F8D12514E8A000621A26 /* PBXTargetDependency */ = {
			isa = PBXTargetDependency;
			target = A517F8B82514E89F00621A26 /* Messager */;
			targetProxy = A517F8D02514E8A000621A26 /* PBXContainerItemProxy */;
		};
		A517F8DC2514E8A000621A26 /* PBXTargetDependency */ = {
			isa = PBXTargetDependency;
			target = A517F8B82514E89F00621A26 /* Messager */;
			targetProxy = A517F8DB2514E8A000621A26 /* PBXContainerItemProxy */;
		};
/* End PBXTargetDependency section */

/* Begin PBXVariantGroup section */
		A517F8C72514E89F00621A26 /* LaunchScreen.storyboard */ = {
			isa = PBXVariantGroup;
			children = (
				A517F8C82514E89F00621A26 /* Base */,
			);
			name = LaunchScreen.storyboard;
			sourceTree = "<group>";
		};
/* End PBXVariantGroup section */

/* Begin XCBuildConfiguration section */
		A517F8E12514E8A000621A26 /* Debug */ = {
			isa = XCBuildConfiguration;
			buildSettings = {
				ALWAYS_SEARCH_USER_PATHS = NO;
				CLANG_ANALYZER_NONNULL = YES;
				CLANG_ANALYZER_NUMBER_OBJECT_CONVERSION = YES_AGGRESSIVE;
				CLANG_CXX_LANGUAGE_STANDARD = "gnu++14";
				CLANG_CXX_LIBRARY = "libc++";
				CLANG_ENABLE_MODULES = YES;
				CLANG_ENABLE_OBJC_ARC = YES;
				CLANG_ENABLE_OBJC_WEAK = YES;
				CLANG_WARN_BLOCK_CAPTURE_AUTORELEASING = YES;
				CLANG_WARN_BOOL_CONVERSION = YES;
				CLANG_WARN_COMMA = YES;
				CLANG_WARN_CONSTANT_CONVERSION = YES;
				CLANG_WARN_DEPRECATED_OBJC_IMPLEMENTATIONS = YES;
				CLANG_WARN_DIRECT_OBJC_ISA_USAGE = YES_ERROR;
				CLANG_WARN_DOCUMENTATION_COMMENTS = YES;
				CLANG_WARN_EMPTY_BODY = YES;
				CLANG_WARN_ENUM_CONVERSION = YES;
				CLANG_WARN_INFINITE_RECURSION = YES;
				CLANG_WARN_INT_CONVERSION = YES;
				CLANG_WARN_NON_LITERAL_NULL_CONVERSION = YES;
				CLANG_WARN_OBJC_IMPLICIT_RETAIN_SELF = YES;
				CLANG_WARN_OBJC_LITERAL_CONVERSION = YES;
				CLANG_WARN_OBJC_ROOT_CLASS = YES_ERROR;
				CLANG_WARN_QUOTED_INCLUDE_IN_FRAMEWORK_HEADER = YES;
				CLANG_WARN_RANGE_LOOP_ANALYSIS = YES;
				CLANG_WARN_STRICT_PROTOTYPES = YES;
				CLANG_WARN_SUSPICIOUS_MOVE = YES;
				CLANG_WARN_UNGUARDED_AVAILABILITY = YES_AGGRESSIVE;
				CLANG_WARN_UNREACHABLE_CODE = YES;
				CLANG_WARN__DUPLICATE_METHOD_MATCH = YES;
				COPY_PHASE_STRIP = NO;
				DEBUG_INFORMATION_FORMAT = dwarf;
				ENABLE_STRICT_OBJC_MSGSEND = YES;
				ENABLE_TESTABILITY = YES;
				GCC_C_LANGUAGE_STANDARD = gnu11;
				GCC_DYNAMIC_NO_PIC = NO;
				GCC_NO_COMMON_BLOCKS = YES;
				GCC_OPTIMIZATION_LEVEL = 0;
				GCC_PREPROCESSOR_DEFINITIONS = (
					"DEBUG=1",
					"$(inherited)",
				);
				GCC_WARN_64_TO_32_BIT_CONVERSION = YES;
				GCC_WARN_ABOUT_RETURN_TYPE = YES_ERROR;
				GCC_WARN_UNDECLARED_SELECTOR = YES;
				GCC_WARN_UNINITIALIZED_AUTOS = YES_AGGRESSIVE;
				GCC_WARN_UNUSED_FUNCTION = YES;
				GCC_WARN_UNUSED_VARIABLE = YES;
				IPHONEOS_DEPLOYMENT_TARGET = 14.0;
				MTL_ENABLE_DEBUG_INFO = INCLUDE_SOURCE;
				MTL_FAST_MATH = YES;
				ONLY_ACTIVE_ARCH = YES;
				SDKROOT = iphoneos;
				SWIFT_ACTIVE_COMPILATION_CONDITIONS = DEBUG;
				SWIFT_OPTIMIZATION_LEVEL = "-Onone";
			};
			name = Debug;
		};
		A517F8E22514E8A000621A26 /* Release */ = {
			isa = XCBuildConfiguration;
			buildSettings = {
				ALWAYS_SEARCH_USER_PATHS = NO;
				CLANG_ANALYZER_NONNULL = YES;
				CLANG_ANALYZER_NUMBER_OBJECT_CONVERSION = YES_AGGRESSIVE;
				CLANG_CXX_LANGUAGE_STANDARD = "gnu++14";
				CLANG_CXX_LIBRARY = "libc++";
				CLANG_ENABLE_MODULES = YES;
				CLANG_ENABLE_OBJC_ARC = YES;
				CLANG_ENABLE_OBJC_WEAK = YES;
				CLANG_WARN_BLOCK_CAPTURE_AUTORELEASING = YES;
				CLANG_WARN_BOOL_CONVERSION = YES;
				CLANG_WARN_COMMA = YES;
				CLANG_WARN_CONSTANT_CONVERSION = YES;
				CLANG_WARN_DEPRECATED_OBJC_IMPLEMENTATIONS = YES;
				CLANG_WARN_DIRECT_OBJC_ISA_USAGE = YES_ERROR;
				CLANG_WARN_DOCUMENTATION_COMMENTS = YES;
				CLANG_WARN_EMPTY_BODY = YES;
				CLANG_WARN_ENUM_CONVERSION = YES;
				CLANG_WARN_INFINITE_RECURSION = YES;
				CLANG_WARN_INT_CONVERSION = YES;
				CLANG_WARN_NON_LITERAL_NULL_CONVERSION = YES;
				CLANG_WARN_OBJC_IMPLICIT_RETAIN_SELF = YES;
				CLANG_WARN_OBJC_LITERAL_CONVERSION = YES;
				CLANG_WARN_OBJC_ROOT_CLASS = YES_ERROR;
				CLANG_WARN_QUOTED_INCLUDE_IN_FRAMEWORK_HEADER = YES;
				CLANG_WARN_RANGE_LOOP_ANALYSIS = YES;
				CLANG_WARN_STRICT_PROTOTYPES = YES;
				CLANG_WARN_SUSPICIOUS_MOVE = YES;
				CLANG_WARN_UNGUARDED_AVAILABILITY = YES_AGGRESSIVE;
				CLANG_WARN_UNREACHABLE_CODE = YES;
				CLANG_WARN__DUPLICATE_METHOD_MATCH = YES;
				COPY_PHASE_STRIP = NO;
				DEBUG_INFORMATION_FORMAT = "dwarf-with-dsym";
				ENABLE_NS_ASSERTIONS = NO;
				ENABLE_STRICT_OBJC_MSGSEND = YES;
				GCC_C_LANGUAGE_STANDARD = gnu11;
				GCC_NO_COMMON_BLOCKS = YES;
				GCC_WARN_64_TO_32_BIT_CONVERSION = YES;
				GCC_WARN_ABOUT_RETURN_TYPE = YES_ERROR;
				GCC_WARN_UNDECLARED_SELECTOR = YES;
				GCC_WARN_UNINITIALIZED_AUTOS = YES_AGGRESSIVE;
				GCC_WARN_UNUSED_FUNCTION = YES;
				GCC_WARN_UNUSED_VARIABLE = YES;
				IPHONEOS_DEPLOYMENT_TARGET = 14.0;
				MTL_ENABLE_DEBUG_INFO = NO;
				MTL_FAST_MATH = YES;
				SDKROOT = iphoneos;
				SWIFT_COMPILATION_MODE = wholemodule;
				SWIFT_OPTIMIZATION_LEVEL = "-O";
				VALIDATE_PRODUCT = YES;
			};
			name = Release;
		};
		A517F8E42514E8A000621A26 /* Debug */ = {
			isa = XCBuildConfiguration;
			baseConfigurationReference = E397FEAF4C180C02193685CB /* Pods-Messager.debug.xcconfig */;
			buildSettings = {
				ASSETCATALOG_COMPILER_APPICON_NAME = AppIcon;
				ASSETCATALOG_COMPILER_GLOBAL_ACCENT_COLOR_NAME = AccentColor;
				CODE_SIGN_STYLE = Automatic;
				DEVELOPMENT_TEAM = 42Z3RPWD99;
				INFOPLIST_FILE = Messager/Info.plist;
				IPHONEOS_DEPLOYMENT_TARGET = 14.0;
				LD_RUNPATH_SEARCH_PATHS = (
					"$(inherited)",
					"@executable_path/Frameworks",
				);
				PRODUCT_BUNDLE_IDENTIFIER = Messager.mobile;
				PRODUCT_NAME = "$(TARGET_NAME)";
				SWIFT_VERSION = 5.0;
				TARGETED_DEVICE_FAMILY = 1;
			};
			name = Debug;
		};
		A517F8E52514E8A000621A26 /* Release */ = {
			isa = XCBuildConfiguration;
			baseConfigurationReference = A070F6157BADFC4B5D6A4BD7 /* Pods-Messager.release.xcconfig */;
			buildSettings = {
				ASSETCATALOG_COMPILER_APPICON_NAME = AppIcon;
				ASSETCATALOG_COMPILER_GLOBAL_ACCENT_COLOR_NAME = AccentColor;
				CODE_SIGN_STYLE = Automatic;
				DEVELOPMENT_TEAM = 42Z3RPWD99;
				INFOPLIST_FILE = Messager/Info.plist;
				IPHONEOS_DEPLOYMENT_TARGET = 14.0;
				LD_RUNPATH_SEARCH_PATHS = (
					"$(inherited)",
					"@executable_path/Frameworks",
				);
				PRODUCT_BUNDLE_IDENTIFIER = Messager.mobile;
				PRODUCT_NAME = "$(TARGET_NAME)";
				SWIFT_VERSION = 5.0;
				TARGETED_DEVICE_FAMILY = 1;
			};
			name = Release;
		};
		A517F8E72514E8A000621A26 /* Debug */ = {
			isa = XCBuildConfiguration;
			baseConfigurationReference = FE2CB289CE8D6B5F704B7D50 /* Pods-MessagerTests.debug.xcconfig */;
			buildSettings = {
				ALWAYS_EMBED_SWIFT_STANDARD_LIBRARIES = YES;
				BUNDLE_LOADER = "$(TEST_HOST)";
				CODE_SIGN_STYLE = Automatic;
				INFOPLIST_FILE = MessagerTests/Info.plist;
				IPHONEOS_DEPLOYMENT_TARGET = 14.0;
				LD_RUNPATH_SEARCH_PATHS = (
					"$(inherited)",
					"@executable_path/Frameworks",
					"@loader_path/Frameworks",
				);
				PRODUCT_BUNDLE_IDENTIFIER = Minshen.MessagerTests;
				PRODUCT_NAME = "$(TARGET_NAME)";
				SWIFT_VERSION = 5.0;
				TARGETED_DEVICE_FAMILY = "1,2";
				TEST_HOST = "$(BUILT_PRODUCTS_DIR)/Messager.app/Messager";
			};
			name = Debug;
		};
		A517F8E82514E8A000621A26 /* Release */ = {
			isa = XCBuildConfiguration;
			baseConfigurationReference = BBC43B125DD1521B2072F3BD /* Pods-MessagerTests.release.xcconfig */;
			buildSettings = {
				ALWAYS_EMBED_SWIFT_STANDARD_LIBRARIES = YES;
				BUNDLE_LOADER = "$(TEST_HOST)";
				CODE_SIGN_STYLE = Automatic;
				INFOPLIST_FILE = MessagerTests/Info.plist;
				IPHONEOS_DEPLOYMENT_TARGET = 14.0;
				LD_RUNPATH_SEARCH_PATHS = (
					"$(inherited)",
					"@executable_path/Frameworks",
					"@loader_path/Frameworks",
				);
				PRODUCT_BUNDLE_IDENTIFIER = Minshen.MessagerTests;
				PRODUCT_NAME = "$(TARGET_NAME)";
				SWIFT_VERSION = 5.0;
				TARGETED_DEVICE_FAMILY = "1,2";
				TEST_HOST = "$(BUILT_PRODUCTS_DIR)/Messager.app/Messager";
			};
			name = Release;
		};
		A517F8EA2514E8A000621A26 /* Debug */ = {
			isa = XCBuildConfiguration;
			baseConfigurationReference = D594DDF3806905AE2D5F8769 /* Pods-Messager-MessagerUITests.debug.xcconfig */;
			buildSettings = {
				ALWAYS_EMBED_SWIFT_STANDARD_LIBRARIES = YES;
				CODE_SIGN_STYLE = Automatic;
				INFOPLIST_FILE = MessagerUITests/Info.plist;
				LD_RUNPATH_SEARCH_PATHS = (
					"$(inherited)",
					"@executable_path/Frameworks",
					"@loader_path/Frameworks",
				);
				PRODUCT_BUNDLE_IDENTIFIER = Minshen.MessagerUITests;
				PRODUCT_NAME = "$(TARGET_NAME)";
				SWIFT_VERSION = 5.0;
				TARGETED_DEVICE_FAMILY = "1,2";
				TEST_TARGET_NAME = Messager;
			};
			name = Debug;
		};
		A517F8EB2514E8A000621A26 /* Release */ = {
			isa = XCBuildConfiguration;
			baseConfigurationReference = DBF39DD42C27001C61EA8500 /* Pods-Messager-MessagerUITests.release.xcconfig */;
			buildSettings = {
				ALWAYS_EMBED_SWIFT_STANDARD_LIBRARIES = YES;
				CODE_SIGN_STYLE = Automatic;
				INFOPLIST_FILE = MessagerUITests/Info.plist;
				LD_RUNPATH_SEARCH_PATHS = (
					"$(inherited)",
					"@executable_path/Frameworks",
					"@loader_path/Frameworks",
				);
				PRODUCT_BUNDLE_IDENTIFIER = Minshen.MessagerUITests;
				PRODUCT_NAME = "$(TARGET_NAME)";
				SWIFT_VERSION = 5.0;
				TARGETED_DEVICE_FAMILY = "1,2";
				TEST_TARGET_NAME = Messager;
			};
			name = Release;
		};
/* End XCBuildConfiguration section */

/* Begin XCConfigurationList section */
		A517F8B42514E89F00621A26 /* Build configuration list for PBXProject "Messager" */ = {
			isa = XCConfigurationList;
			buildConfigurations = (
				A517F8E12514E8A000621A26 /* Debug */,
				A517F8E22514E8A000621A26 /* Release */,
			);
			defaultConfigurationIsVisible = 0;
			defaultConfigurationName = Release;
		};
		A517F8E32514E8A000621A26 /* Build configuration list for PBXNativeTarget "Messager" */ = {
			isa = XCConfigurationList;
			buildConfigurations = (
				A517F8E42514E8A000621A26 /* Debug */,
				A517F8E52514E8A000621A26 /* Release */,
			);
			defaultConfigurationIsVisible = 0;
			defaultConfigurationName = Release;
		};
		A517F8E62514E8A000621A26 /* Build configuration list for PBXNativeTarget "MessagerTests" */ = {
			isa = XCConfigurationList;
			buildConfigurations = (
				A517F8E72514E8A000621A26 /* Debug */,
				A517F8E82514E8A000621A26 /* Release */,
			);
			defaultConfigurationIsVisible = 0;
			defaultConfigurationName = Release;
		};
		A517F8E92514E8A000621A26 /* Build configuration list for PBXNativeTarget "MessagerUITests" */ = {
			isa = XCConfigurationList;
			buildConfigurations = (
				A517F8EA2514E8A000621A26 /* Debug */,
				A517F8EB2514E8A000621A26 /* Release */,
			);
			defaultConfigurationIsVisible = 0;
			defaultConfigurationName = Release;
		};
/* End XCConfigurationList section */
	};
	rootObject = A517F8B12514E89F00621A26 /* Project object */;
}
